Microsoft Visual Studio Solution File, Format Version 12.00
# Visual Studio 2013
VisualStudioVersion = 12.0.30501.0
MinimumVisualStudioVersion = 10.0.40219.1
Project("{FAE04EC0-301F-11D3-BF4B-00C04F79EFBC}") = "ObjectToString", "ObjectToString.csproj", "{9623F4F0-1F6C-4EFB-AF6D-8621D401F1EF}"
EndProject
Project("{FAE04EC0-301F-11D3-BF4B-00C04F79EFBC}") = "ObjectToStringTest", "..\ObjectToStringTest\ObjectToStringTest.csproj", "{DF9FFB47-919A-4BC9-808F-B12B299707CF}"
EndProject
Global
	GlobalSection(SolutionConfigurationPlatforms) = preSolution
		Debug|Any CPU = Debug|Any CPU
		Release|Any CPU = Release|Any CPU
	EndGlobalSection
	GlobalSection(ProjectConfigurationPlatforms) = postSolution
		{9623F4F0-1F6C-4EFB-AF6D-8621D401F1EF}.Debug|Any CPU.ActiveCfg = Debug|Any CPU
		{9623F4F0-1F6C-4EFB-AF6D-8621D401F1EF}.Debug|Any CPU.Build.0 = Debug|Any CPU
		{9623F4F0-1F6C-4EFB-AF6D-8621D401F1EF}.Release|Any CPU.ActiveCfg = Release|Any CPU
		{9623F4F0-1F6C-4EFB-AF6D-8621D401F1EF}.Release|Any CPU.Build.0 = Release|Any CPU
		{DF9FFB47-919A-4BC9-808F-B12B299707CF}.Debug|Any CPU.ActiveCfg = Debug|Any CPU
		{DF9FFB47-919A-4BC9-808F-B12B299707CF}.Debug|Any CPU.Build.0 = Debug|Any CPU
		{DF9FFB47-919A-4BC9-808F-B12B299707CF}.Release|Any CPU.ActiveCfg = Release|Any CPU
		{DF9FFB47-919A-4BC9-808F-B12B299707CF}.Release|Any CPU.Build.0 = Release|Any CPU
	EndGlobalSection
	GlobalSection(SolutionProperties) = preSolution
		HideSolutionNode = FALSE
	EndGlobalSection
EndGlobal
